<?xml version="1.0" encoding="utf-8"?>
<Project ToolsVersion="4.0" xmlns="http://schemas.microsoft.com/developer/msbuild/2003">
  <ItemGroup>
    <Filter Include="Source Files">
      <UniqueIdentifier>{4FC737F1-C7A5-4376-A066-2A32D752A2FF}</UniqueIdentifier>
      <Extensions>cpp;c;cc;cxx;def;odl;idl;hpj;bat;asm;asmx</Extensions>
    </Filter>
    <Filter Include="Header Files">
      <UniqueIdentifier>{93995380-89BD-4b04-88EB-625FBE52EBFB}</UniqueIdentifier>
      <Extensions>h;hh;hpp;hxx;hm;inl;inc;xsd</Extensions>
    </Filter>
    <Filter Include="Resource Files">
      <UniqueIdentifier>{67DA6AB6-F800-4c08-8B7A-83BB121AAD01}</UniqueIdentifier>
      <Extensions>rc;ico;cur;bmp;dlg;rc2;rct;bin;rgs;gif;jpg;jpeg;jpe;resx;tiff;tif;png;wav;mfcribbon-ms</Extensions>
    </Filter>
    <Filter Include="Header Files\Files">
      <UniqueIdentifier>{8434eba9-8106-4981-9239-96c3040eef90}</UniqueIdentifier>
    </Filter>
    <Filter Include="Header Files\UserLicense">
      <UniqueIdentifier>{2d431507-8e26-4bfd-b0f4-37d8b2ede1ff}</UniqueIdentifier>
    </Filter>
    <Filter Include="Header Files\ciphers">
      <UniqueIdentifier>{86eb4374-5801-463f-b7fb-5773e98c4b70}</UniqueIdentifier>
    </Filter>
  </ItemGroup>
  <ItemGroup>
    <ClCompile Include="main.cpp">
      <Filter>Source Files</Filter>
    </ClCompile>
    <ClCompile Include="ID.cpp">
      <Filter>Source Files</Filter>
    </ClCompile>
    <ClCompile Include="User.cpp">
      <Filter>Source Files</Filter>
    </ClCompile>
    <ClCompile Include="KeyGen.cpp">
      <Filter>Source Files</Filter>
    </ClCompile>
    <ClCompile Include="FileOperator.cpp">
      <Filter>Source Files</Filter>
    </ClCompile>
    <ClCompile Include="FileEncrypter.cpp">
      <Filter>Source Files</Filter>
    </ClCompile>
    <ClCompile Include="Encryptor.cpp">
      <Filter>Source Files</Filter>
    </ClCompile>
    <ClCompile Include="Decryptor.cpp">
      <Filter>Source Files</Filter>
    </ClCompile>
    <ClCompile Include="Crypto.cpp">
      <Filter>Source Files</Filter>
    </ClCompile>
    <ClCompile Include="ArchiveLoader.cpp">
      <Filter>Source Files</Filter>
    </ClCompile>
  </ItemGroup>
  <ItemGroup>
    <ClInclude Include="ID.h">
      <Filter>Header Files\UserLicense</Filter>
    </ClInclude>
    <ClInclude Include="KeyGen.h">
      <Filter>Header Files\UserLicense</Filter>
    </ClInclude>
    <ClInclude Include="User.h">
      <Filter>Header Files\UserLicense</Filter>
    </ClInclude>
    <ClInclude Include="resource.h">
      <Filter>Header Files</Filter>
    </ClInclude>
    <ClInclude Include="FileOperator.h">
      <Filter>Header Files\Files</Filter>
    </ClInclude>
    <ClInclude Include="FileEncrypter.h">
      <Filter>Header Files\Files</Filter>
    </ClInclude>
    <ClInclude Include="Encryptor.h">
      <Filter>Header Files\ciphers</Filter>
    </ClInclude>
    <ClInclude Include="Decryptor.h">
      <Filter>Header Files\ciphers</Filter>
    </ClInclude>
    <ClInclude Include="Crypto.h">
      <Filter>Header Files\ciphers</Filter>
    </ClInclude>
    <ClInclude Include="ArchiveLoader.h">
      <Filter>Header Files\Files</Filter>
    </ClInclude>
  </ItemGroup>
  <ItemGroup>
    <ResourceCompile Include="TestCryptoCpp.rc">
      <Filter>Resource Files</Filter>
    </ResourceCompile>
  </ItemGroup>
  <ItemGroup>
    <None Include="packages.config" />
  </ItemGroup>
</Project>